{
  "requires": true,
  "lockfileVersion": 1,
  "dependencies": {
    "vuetify": {
      "version": "2.3.21",
      "resolved": "https://registry.npmjs.org/vuetify/-/vuetify-2.3.21.tgz",
      "integrity": "sha512-c9FOjkpVPDoIim88wbfqSIuCsH3jtgQQBC1iMW+ZFxf/Bj+d73HySL2LhEnZwAQT7XTAUGfad4aLPfcNZzK5YQ=="
    }
  }
}
